
Microsoft Visual Studio Solution File, Format Version 12.00
# Visual Studio Version 17
VisualStudioVersion = 17.11.35222.181
MinimumVisualStudioVersion = 10.0.40219.1
Project("{FAE04EC0-301F-11D3-BF4B-00C04F79EFBC}") = "ComercialElTriunfo", "ComercialElTriunfo\ComercialElTriunfo.csproj", "{8C545AFE-3287-479D-B365-3A4D23B45089}"
EndProject
Global
	GlobalSection(SolutionConfigurationPlatforms) = preSolution
		Debug|Any CPU = Debug|Any CPU
		Release|Any CPU = Release|Any CPU
	EndGlobalSection
	GlobalSection(ProjectConfigurationPlatforms) = postSolution
		{8C545AFE-3287-479D-B365-3A4D23B45089}.Debug|Any CPU.ActiveCfg = Debug|Any CPU
		{8C545AFE-3287-479D-B365-3A4D23B45089}.Debug|Any CPU.Build.0 = Debug|Any CPU
		{8C545AFE-3287-479D-B365-3A4D23B45089}.Release|Any CPU.ActiveCfg = Release|Any CPU
		{8C545AFE-3287-479D-B365-3A4D23B45089}.Release|Any CPU.Build.0 = Release|Any CPU
	EndGlobalSection
	GlobalSection(SolutionProperties) = preSolution
		HideSolutionNode = FALSE
	EndGlobalSection
	GlobalSection(ExtensibilityGlobals) = postSolution
		SolutionGuid = {12622665-364E-4DAE-AA7B-473B408F02A5}
	EndGlobalSection
EndGlobal
